
Microsoft Visual Studio Solution File, Format Version 12.00
# Visual Studio Version 17
VisualStudioVersion = 17.2.32317.152
MinimumVisualStudioVersion = 10.0.40219.1
Project("{FAE04EC0-301F-11D3-BF4B-00C04F79EFBC}") = "3ai.solutions.CacheHandler", "3ai.solutions.CacheHandler.csproj", "{4EA1EAF5-F664-4C97-AFF5-8591C49064F1}"
EndProject
Global
	GlobalSection(SolutionConfigurationPlatforms) = preSolution
		Debug|Any CPU = Debug|Any CPU
		Release|Any CPU = Release|Any CPU
	EndGlobalSection
	GlobalSection(ProjectConfigurationPlatforms) = postSolution
		{4EA1EAF5-F664-4C97-AFF5-8591C49064F1}.Debug|Any CPU.ActiveCfg = Debug|Any CPU
		{4EA1EAF5-F664-4C97-AFF5-8591C49064F1}.Debug|Any CPU.Build.0 = Debug|Any CPU
		{4EA1EAF5-F664-4C97-AFF5-8591C49064F1}.Release|Any CPU.ActiveCfg = Release|Any CPU
		{4EA1EAF5-F664-4C97-AFF5-8591C49064F1}.Release|Any CPU.Build.0 = Release|Any CPU
	EndGlobalSection
	GlobalSection(SolutionProperties) = preSolution
		HideSolutionNode = FALSE
	EndGlobalSection
	GlobalSection(ExtensibilityGlobals) = postSolution
		SolutionGuid = {8B48E6FE-B132-4D52-A873-863371EAA6DA}
	EndGlobalSection
EndGlobal
